
Microsoft Visual Studio Solution File, Format Version 12.00
# Visual Studio Version 17
VisualStudioVersion = 17.3.32825.248
MinimumVisualStudioVersion = 10.0.40219.1
Project("{FAE04EC0-301F-11D3-BF4B-00C04F79EFBC}") = "GithubActionTutorial", "GithubActionTutorial\GithubActionTutorial.csproj", "{C628552B-3C1F-483E-A13B-29B58D6C98FC}"
EndProject
Global
	GlobalSection(SolutionConfigurationPlatforms) = preSolution
		Debug|Any CPU = Debug|Any CPU
		Release|Any CPU = Release|Any CPU
	EndGlobalSection
	GlobalSection(ProjectConfigurationPlatforms) = postSolution
		{C628552B-3C1F-483E-A13B-29B58D6C98FC}.Debug|Any CPU.ActiveCfg = Debug|Any CPU
		{C628552B-3C1F-483E-A13B-29B58D6C98FC}.Debug|Any CPU.Build.0 = Debug|Any CPU
		{C628552B-3C1F-483E-A13B-29B58D6C98FC}.Release|Any CPU.ActiveCfg = Release|Any CPU
		{C628552B-3C1F-483E-A13B-29B58D6C98FC}.Release|Any CPU.Build.0 = Release|Any CPU
	EndGlobalSection
	GlobalSection(SolutionProperties) = preSolution
		HideSolutionNode = FALSE
	EndGlobalSection
	GlobalSection(ExtensibilityGlobals) = postSolution
		SolutionGuid = {56701E61-68E7-4A47-9437-3D9C1C5332A3}
	EndGlobalSection
EndGlobal
